
Microsoft Visual Studio Solution File, Format Version 12.00
# Visual Studio Version 16
VisualStudioVersion = 16.0.29728.190
MinimumVisualStudioVersion = 10.0.40219.1
Project("{FAE04EC0-301F-11D3-BF4B-00C04F79EFBC}") = "Practice", "Practice\Practice.csproj", "{4751CE19-8580-47D0-BE83-9AF99DEBF82A}"
EndProject
Global
	GlobalSection(SolutionConfigurationPlatforms) = preSolution
		Debug|Any CPU = Debug|Any CPU
		Release|Any CPU = Release|Any CPU
	EndGlobalSection
	GlobalSection(ProjectConfigurationPlatforms) = postSolution
		{4751CE19-8580-47D0-BE83-9AF99DEBF82A}.Debug|Any CPU.ActiveCfg = Debug|Any CPU
		{4751CE19-8580-47D0-BE83-9AF99DEBF82A}.Debug|Any CPU.Build.0 = Debug|Any CPU
		{4751CE19-8580-47D0-BE83-9AF99DEBF82A}.Release|Any CPU.ActiveCfg = Release|Any CPU
		{4751CE19-8580-47D0-BE83-9AF99DEBF82A}.Release|Any CPU.Build.0 = Release|Any CPU
	EndGlobalSection
	GlobalSection(SolutionProperties) = preSolution
		HideSolutionNode = FALSE
	EndGlobalSection
	GlobalSection(ExtensibilityGlobals) = postSolution
		SolutionGuid = {40F4D743-58D1-46A8-BA03-C0E4856311CA}
	EndGlobalSection
EndGlobal
