
Microsoft Visual Studio Solution File, Format Version 12.00
# Visual Studio 15
Project("{FAE04EC0-301F-11D3-BF4B-00C04F79EFBC}") = "CollectionDemoConApp", "CollectionDemoConApp.csproj", "{FEE6381B-E256-4C44-A77D-6250C9DA2F45}"
EndProject
Global
	GlobalSection(SolutionConfigurationPlatforms) = preSolution
		Debug|Any CPU = Debug|Any CPU
		Release|Any CPU = Release|Any CPU
	EndGlobalSection
	GlobalSection(ProjectConfigurationPlatforms) = postSolution
		{FEE6381B-E256-4C44-A77D-6250C9DA2F45}.Debug|Any CPU.ActiveCfg = Debug|Any CPU
		{FEE6381B-E256-4C44-A77D-6250C9DA2F45}.Debug|Any CPU.Build.0 = Debug|Any CPU
		{FEE6381B-E256-4C44-A77D-6250C9DA2F45}.Release|Any CPU.ActiveCfg = Release|Any CPU
		{FEE6381B-E256-4C44-A77D-6250C9DA2F45}.Release|Any CPU.Build.0 = Release|Any CPU
	EndGlobalSection
EndGlobal
