
Microsoft Visual Studio Solution File, Format Version 12.00
# Visual Studio 15
Project("{FAE04EC0-301F-11D3-BF4B-00C04F79EFBC}") = "TropicalServerApp", "TropicalServerApp.csproj", "{185A21DE-8BC1-4C9B-9CA0-72E19FB0B1BD}"
EndProject
Global
	GlobalSection(SolutionConfigurationPlatforms) = preSolution
		Debug|Any CPU = Debug|Any CPU
		Release|Any CPU = Release|Any CPU
	EndGlobalSection
	GlobalSection(ProjectConfigurationPlatforms) = postSolution
		{185A21DE-8BC1-4C9B-9CA0-72E19FB0B1BD}.Debug|Any CPU.ActiveCfg = Debug|Any CPU
		{185A21DE-8BC1-4C9B-9CA0-72E19FB0B1BD}.Debug|Any CPU.Build.0 = Debug|Any CPU
		{185A21DE-8BC1-4C9B-9CA0-72E19FB0B1BD}.Release|Any CPU.ActiveCfg = Release|Any CPU
		{185A21DE-8BC1-4C9B-9CA0-72E19FB0B1BD}.Release|Any CPU.Build.0 = Release|Any CPU
	EndGlobalSection
EndGlobal
