
Microsoft Visual Studio Solution File, Format Version 12.00
# Visual Studio Version 16
VisualStudioVersion = 16.0.29728.190
MinimumVisualStudioVersion = 10.0.40219.1
Project("{FAE04EC0-301F-11D3-BF4B-00C04F79EFBC}") = "ConsoleApp_Client", "ConsoleApp_Client\ConsoleApp_Client.csproj", "{772E3937-DAEF-47EB-82C8-DB6B623D1510}"
EndProject
Global
	GlobalSection(SolutionConfigurationPlatforms) = preSolution
		Debug|Any CPU = Debug|Any CPU
		Release|Any CPU = Release|Any CPU
	EndGlobalSection
	GlobalSection(ProjectConfigurationPlatforms) = postSolution
		{772E3937-DAEF-47EB-82C8-DB6B623D1510}.Debug|Any CPU.ActiveCfg = Debug|Any CPU
		{772E3937-DAEF-47EB-82C8-DB6B623D1510}.Debug|Any CPU.Build.0 = Debug|Any CPU
		{772E3937-DAEF-47EB-82C8-DB6B623D1510}.Release|Any CPU.ActiveCfg = Release|Any CPU
		{772E3937-DAEF-47EB-82C8-DB6B623D1510}.Release|Any CPU.Build.0 = Release|Any CPU
	EndGlobalSection
	GlobalSection(SolutionProperties) = preSolution
		HideSolutionNode = FALSE
	EndGlobalSection
	GlobalSection(ExtensibilityGlobals) = postSolution
		SolutionGuid = {412C58E5-597D-4B79-95CB-8EB7299679BE}
	EndGlobalSection
EndGlobal
